# This file is generated by running "yarn install" inside your project.
# Manual changes might be lost - proceed with caution!

__metadata:
  version: 4
  cacheKey: 5

"@types/node@npm:14.0.27":
  version: 14.0.27
  resolution: "@types/node@npm:14.0.27"
  checksum: 54ecf408eb94f44685e12ef395d8d9d5789cb9e209f171153b6b951272af6b8da099778d09d66454aa5d35ce246f3922ebd7476ed768bf3bd4267306c12a6703
  languageName: node
  linkType: hard

"@wdtk/source@workspace:.":
  version: 0.0.0-use.local
  resolution: "@wdtk/source@workspace:."
  dependencies:
    "@types/node": 14.0.27
    prettier: 2.0.5
  languageName: unknown
  linkType: soft

"prettier@npm:2.0.5":
  version: 2.0.5
  resolution: "prettier@npm:2.0.5"
  bin:
    prettier: bin-prettier.js
  checksum: d249d89361870a29b20e8b268cb09e908490b8c9e21f70393d12a213701f29ba7e95b7f9ce0ad63929c16ce475176742481911737ae3da4a498873e4a3b90990
  languageName: node
  linkType: hard
